// !$*UTF8*$!
{
	archiveVersion = 1;
	classes = {
	};
	objectVersion = 56;
	objects = {

/* Begin PBXBuildFile section */
		4B7F93EA29513BD600077C29 /* AppDelegate.swift in Sources */ = {isa = PBXBuildFile; fileRef = 4B7F93E929513BD600077C29 /* AppDelegate.swift */; };
		4B7F93EC29513BD600077C29 /* SceneDelegate.swift in Sources */ = {isa = PBXBuildFile; fileRef = 4B7F93EB29513BD600077C29 /* SceneDelegate.swift */; };
		4B7F93EE29513BD600077C29 /* ViewController.swift in Sources */ = {isa = PBXBuildFile; fileRef = 4B7F93ED29513BD600077C29 /* ViewController.swift */; };
		4B7F93F129513BD600077C29 /* Main.storyboard in Resources */ = {isa = PBXBuildFile; fileRef = 4B7F93EF29513BD600077C29 /* Main.storyboard */; };
		4B7F93F329513BD800077C29 /* Assets.xcassets in Resources */ = {isa = PBXBuildFile; fileRef = 4B7F93F229513BD800077C29 /* Assets.xcassets */; };
		4B7F93F629513BD800077C29 /* LaunchScreen.storyboard in Resources */ = {isa = PBXBuildFile; fileRef = 4B7F93F429513BD800077C29 /* LaunchScreen.storyboard */; };
		4B7F940129513BD900077C29 /* Codepath_EntryTests.swift in Sources */ = {isa = PBXBuildFile; fileRef = 4B7F940029513BD900077C29 /* Codepath_EntryTests.swift */; };
		4B7F940B29513BD900077C29 /* Codepath_EntryUITests.swift in Sources */ = {isa = PBXBuildFile; fileRef = 4B7F940A29513BD900077C29 /* Codepath_EntryUITests.swift */; };
		4B7F940D29513BD900077C29 /* Codepath_EntryUITestsLaunchTests.swift in Sources */ = {isa = PBXBuildFile; fileRef = 4B7F940C29513BD900077C29 /* Codepath_EntryUITestsLaunchTests.swift */; };
/* End PBXBuildFile section */

/* Begin PBXContainerItemProxy section */
		4B7F93FD29513BD900077C29 /* PBXContainerItemProxy */ = {
			isa = PBXContainerItemProxy;
			containerPortal = 4B7F93DE29513BD600077C29 /* Project object */;
			proxyType = 1;
			remoteGlobalIDString = 4B7F93E529513BD600077C29;
			remoteInfo = "Codepath Entry";
		};
		4B7F940729513BD900077C29 /* PBXContainerItemProxy */ = {
			isa = PBXContainerItemProxy;
			containerPortal = 4B7F93DE29513BD600077C29 /* Project object */;
			proxyType = 1;
			remoteGlobalIDString = 4B7F93E529513BD600077C29;
			remoteInfo = "Codepath Entry";
		};
/* End PBXContainerItemProxy section */

/* Begin PBXFileReference section */
		4B7F93E629513BD600077C29 /* Codepath Entry.app */ = {isa = PBXFileReference; explicitFileType = wrapper.application; includeInIndex = 0; path = "Codepath Entry.app"; sourceTree = BUILT_PRODUCTS_DIR; };
		4B7F93E929513BD600077C29 /* AppDelegate.swift */ = {isa = PBXFileReference; lastKnownFileType = sourcecode.swift; path = AppDelegate.swift; sourceTree = "<group>"; };
		4B7F93EB29513BD600077C29 /* SceneDelegate.swift */ = {isa = PBXFileReference; lastKnownFileType = sourcecode.swift; path = SceneDelegate.swift; sourceTree = "<group>"; };
		4B7F93ED29513BD600077C29 /* ViewController.swift */ = {isa = PBXFileReference; lastKnownFileType = sourcecode.swift; path = ViewController.swift; sourceTree = "<group>"; };
		4B7F93F029513BD600077C29 /* Base */ = {isa = PBXFileReference; lastKnownFileType = file.storyboard; name = Base; path = Base.lproj/Main.storyboard; sourceTree = "<group>"; };
		4B7F93F229513BD800077C29 /* Assets.xcassets */ = {isa = PBXFileReference; lastKnownFileType = folder.assetcatalog; path = Assets.xcassets; sourceTree = "<group>"; };
		4B7F93F529513BD800077C29 /* Base */ = {isa = PBXFileReference; lastKnownFileType = file.storyboard; name = Base; path = Base.lproj/LaunchScreen.storyboard; sourceTree = "<group>"; };
		4B7F93F729513BD800077C29 /* Info.plist */ = {isa = PBXFileReference; lastKnownFileType = text.plist.xml; path = Info.plist; sourceTree = "<group>"; };
		4B7F93FC29513BD900077C29 /* Codepath EntryTests.xctest */ = {isa = PBXFileReference; explicitFileType = wrapper.cfbundle; includeInIndex = 0; path = "Codepath EntryTests.xctest"; sourceTree = BUILT_PRODUCTS_DIR; };
		4B7F940029513BD900077C29 /* Codepath_EntryTests.swift */ = {isa = PBXFileReference; lastKnownFileType = sourcecode.swift; path = Codepath_EntryTests.swift; sourceTree = "<group>"; };
		4B7F940629513BD900077C29 /* Codepath EntryUITests.xctest */ = {isa = PBXFileReference; explicitFileType = wrapper.cfbundle; includeInIndex = 0; path = "Codepath EntryUITests.xctest"; sourceTree = BUILT_PRODUCTS_DIR; };
		4B7F940A29513BD900077C29 /* Codepath_EntryUITests.swift */ = {isa = PBXFileReference; lastKnownFileType = sourcecode.swift; path = Codepath_EntryUITests.swift; sourceTree = "<group>"; };
		4B7F940C29513BD900077C29 /* Codepath_EntryUITestsLaunchTests.swift */ = {isa = PBXFileReference; lastKnownFileType = sourcecode.swift; path = Codepath_EntryUITestsLaunchTests.swift; sourceTree = "<group>"; };
/* End PBXFileReference section */

/* Begin PBXFrameworksBuildPhase section */
		4B7F93E329513BD600077C29 /* Frameworks */ = {
			isa = PBXFrameworksBuildPhase;
			buildActionMask = 2147483647;
			files = (
			);
			runOnlyForDeploymentPostprocessing = 0;
		};
		4B7F93F929513BD900077C29 /* Frameworks */ = {
			isa = PBXFrameworksBuildPhase;
			buildActionMask = 2147483647;
			files = (
			);
			runOnlyForDeploymentPostprocessing = 0;
		};
		4B7F940329513BD900077C29 /* Frameworks */ = {
			isa = PBXFrameworksBuildPhase;
			buildActionMask = 2147483647;
			files = (
			);
			runOnlyForDeploymentPostprocessing = 0;
		};
/* End PBXFrameworksBuildPhase section */

/* Begin PBXGroup section */
		4B7F93DD29513BD600077C29 = {
			isa = PBXGroup;
			children = (
				4B7F93E829513BD600077C29 /* Codepath Entry */,
				4B7F93FF29513BD900077C29 /* Codepath EntryTests */,
				4B7F940929513BD900077C29 /* Codepath EntryUITests */,
				4B7F93E729513BD600077C29 /* Products */,
			);
			sourceTree = "<group>";
		};
		4B7F93E729513BD600077C29 /* Products */ = {
			isa = PBXGroup;
			children = (
				4B7F93E629513BD600077C29 /* Codepath Entry.app */,
				4B7F93FC29513BD900077C29 /* Codepath EntryTests.xctest */,
				4B7F940629513BD900077C29 /* Codepath EntryUITests.xctest */,
			);
			name = Products;
			sourceTree = "<group>";
		};
		4B7F93E829513BD600077C29 /* Codepath Entry */ = {
			isa = PBXGroup;
			children = (
				4B7F93E929513BD600077C29 /* AppDelegate.swift */,
				4B7F93EB29513BD600077C29 /* SceneDelegate.swift */,
				4B7F93ED29513BD600077C29 /* ViewController.swift */,
				4B7F93EF29513BD600077C29 /* Main.storyboard */,
				4B7F93F229513BD800077C29 /* Assets.xcassets */,
				4B7F93F429513BD800077C29 /* LaunchScreen.storyboard */,
				4B7F93F729513BD800077C29 /* Info.plist */,
			);
			path = "Codepath Entry";
			sourceTree = "<group>";
		};
		4B7F93FF29513BD900077C29 /* Codepath EntryTests */ = {
			isa = PBXGroup;
			children = (
				4B7F940029513BD900077C29 /* Codepath_EntryTests.swift */,
			);
			path = "Codepath EntryTests";
			sourceTree = "<group>";
		};
		4B7F940929513BD900077C29 /* Codepath EntryUITests */ = {
			isa = PBXGroup;
			children = (
				4B7F940A29513BD900077C29 /* Codepath_EntryUITests.swift */,
				4B7F940C29513BD900077C29 /* Codepath_EntryUITestsLaunchTests.swift */,
			);
			path = "Codepath EntryUITests";
			sourceTree = "<group>";
		};
/* End PBXGroup section */

/* Begin PBXNativeTarget section */
		4B7F93E529513BD600077C29 /* Codepath Entry */ = {
			isa = PBXNativeTarget;
			buildConfigurationList = 4B7F941029513BD900077C29 /* Build configuration list for PBXNativeTarget "Codepath Entry" */;
			buildPhases = (
				4B7F93E229513BD600077C29 /* Sources */,
				4B7F93E329513BD600077C29 /* Frameworks */,
				4B7F93E429513BD600077C29 /* Resources */,
			);
			buildRules = (
			);
			dependencies = (
			);
			name = "Codepath Entry";
			productName = "Codepath Entry";
			productReference = 4B7F93E629513BD600077C29 /* Codepath Entry.app */;
			productType = "com.apple.product-type.application";
		};
		4B7F93FB29513BD900077C29 /* Codepath EntryTests */ = {
			isa = PBXNativeTarget;
			buildConfigurationList = 4B7F941329513BD900077C29 /* Build configuration list for PBXNativeTarget "Codepath EntryTests" */;
			buildPhases = (
				4B7F93F829513BD900077C29 /* Sources */,
				4B7F93F929513BD900077C29 /* Frameworks */,
				4B7F93FA29513BD900077C29 /* Resources */,
			);
			buildRules = (
			);
			dependencies = (
				4B7F93FE29513BD900077C29 /* PBXTargetDependency */,
			);
			name = "Codepath EntryTests";
			productName = "Codepath EntryTests";
			productReference = 4B7F93FC29513BD900077C29 /* Codepath EntryTests.xctest */;
			productType = "com.apple.product-type.bundle.unit-test";
		};
		4B7F940529513BD900077C29 /* Codepath EntryUITests */ = {
			isa = PBXNativeTarget;
			buildConfigurationList = 4B7F941629513BD900077C29 /* Build configuration list for PBXNativeTarget "Codepath EntryUITests" */;
			buildPhases = (
				4B7F940229513BD900077C29 /* Sources */,
				4B7F940329513BD900077C29 /* Frameworks */,
				4B7F940429513BD900077C29 /* Resources */,
			);
			buildRules = (
			);
			dependencies = (
				4B7F940829513BD900077C29 /* PBXTargetDependency */,
			);
			name = "Codepath EntryUITests";
			productName = "Codepath EntryUITests";
			productReference = 4B7F940629513BD900077C29 /* Codepath EntryUITests.xctest */;
			productType = "com.apple.product-type.bundle.ui-testing";
		};
/* End PBXNativeTarget section */

/* Begin PBXProject section */
		4B7F93DE29513BD600077C29 /* Project object */ = {
			isa = PBXProject;
			attributes = {
				BuildIndependentTargetsInParallel = 1;
				LastSwiftUpdateCheck = 1420;
				LastUpgradeCheck = 1420;
				TargetAttributes = {
					4B7F93E529513BD600077C29 = {
						CreatedOnToolsVersion = 14.2;
					};
					4B7F93FB29513BD900077C29 = {
						CreatedOnToolsVersion = 14.2;
						TestTargetID = 4B7F93E529513BD600077C29;
					};
					4B7F940529513BD900077C29 = {
						CreatedOnToolsVersion = 14.2;
						TestTargetID = 4B7F93E529513BD600077C29;
					};
				};
			};
			buildConfigurationList = 4B7F93E129513BD600077C29 /* Build configuration list for PBXProject "Codepath Entry" */;
			compatibilityVersion = "Xcode 14.0";
			developmentRegion = en;
			hasScannedForEncodings = 0;
			knownRegions = (
				en,
				Base,
			);
			mainGroup = 4B7F93DD29513BD600077C29;
			productRefGroup = 4B7F93E729513BD600077C29 /* Products */;
			projectDirPath = "";
			projectRoot = "";
			targets = (
				4B7F93E529513BD600077C29 /* Codepath Entry */,
				4B7F93FB29513BD900077C29 /* Codepath EntryTests */,
				4B7F940529513BD900077C29 /* Codepath EntryUITests */,
			);
		};
/* End PBXProject section */

/* Begin PBXResourcesBuildPhase section */
		4B7F93E429513BD600077C29 /* Resources */ = {
			isa = PBXResourcesBuildPhase;
			buildActionMask = 2147483647;
			files = (
				4B7F93F629513BD800077C29 /* LaunchScreen.storyboard in Resources */,
				4B7F93F329513BD800077C29 /* Assets.xcassets in Resources */,
				4B7F93F129513BD600077C29 /* Main.storyboard in Resources */,
			);
			runOnlyForDeploymentPostprocessing = 0;
		};
		4B7F93FA29513BD900077C29 /* Resources */ = {
			isa = PBXResourcesBuildPhase;
			buildActionMask = 2147483647;
			files = (
			);
			runOnlyForDeploymentPostprocessing = 0;
		};
		4B7F940429513BD900077C29 /* Resources */ = {
			isa = PBXResourcesBuildPhase;
			buildActionMask = 2147483647;
			files = (
			);
			runOnlyForDeploymentPostprocessing = 0;
		};
/* End PBXResourcesBuildPhase section */

/* Begin PBXSourcesBuildPhase section */
		4B7F93E229513BD600077C29 /* Sources */ = {
			isa = PBXSourcesBuildPhase;
			buildActionMask = 2147483647;
			files = (
				4B7F93EE29513BD600077C29 /* ViewController.swift in Sources */,
				4B7F93EA29513BD600077C29 /* AppDelegate.swift in Sources */,
				4B7F93EC29513BD600077C29 /* SceneDelegate.swift in Sources */,
			);
			runOnlyForDeploymentPostprocessing = 0;
		};
		4B7F93F829513BD900077C29 /* Sources */ = {
			isa = PBXSourcesBuildPhase;
			buildActionMask = 2147483647;
			files = (
				4B7F940129513BD900077C29 /* Codepath_EntryTests.swift in Sources */,
			);
			runOnlyForDeploymentPostprocessing = 0;
		};
		4B7F940229513BD900077C29 /* Sources */ = {
			isa = PBXSourcesBuildPhase;
			buildActionMask = 2147483647;
			files = (
				4B7F940B29513BD900077C29 /* Codepath_EntryUITests.swift in Sources */,
				4B7F940D29513BD900077C29 /* Codepath_EntryUITestsLaunchTests.swift in Sources */,
			);
			runOnlyForDeploymentPostprocessing = 0;
		};
/* End PBXSourcesBuildPhase section */

/* Begin PBXTargetDependency section */
		4B7F93FE29513BD900077C29 /* PBXTargetDependency */ = {
			isa = PBXTargetDependency;
			target = 4B7F93E529513BD600077C29 /* Codepath Entry */;
			targetProxy = 4B7F93FD29513BD900077C29 /* PBXContainerItemProxy */;
		};
		4B7F940829513BD900077C29 /* PBXTargetDependency */ = {
			isa = PBXTargetDependency;
			target = 4B7F93E529513BD600077C29 /* Codepath Entry */;
			targetProxy = 4B7F940729513BD900077C29 /* PBXContainerItemProxy */;
		};
/* End PBXTargetDependency section */

/* Begin PBXVariantGroup section */
		4B7F93EF29513BD600077C29 /* Main.storyboard */ = {
			isa = PBXVariantGroup;
			children = (
				4B7F93F029513BD600077C29 /* Base */,
			);
			name = Main.storyboard;
			sourceTree = "<group>";
		};
		4B7F93F429513BD800077C29 /* LaunchScreen.storyboard */ = {
			isa = PBXVariantGroup;
			children = (
				4B7F93F529513BD800077C29 /* Base */,
			);
			name = LaunchScreen.storyboard;
			sourceTree = "<group>";
		};
/* End PBXVariantGroup section */

/* Begin XCBuildConfiguration section */
		4B7F940E29513BD900077C29 /* Debug */ = {
			isa = XCBuildConfiguration;
			buildSettings = {
				ALWAYS_SEARCH_USER_PATHS = NO;
				CLANG_ANALYZER_NONNULL = YES;
				CLANG_ANALYZER_NUMBER_OBJECT_CONVERSION = YES_AGGRESSIVE;
				CLANG_CXX_LANGUAGE_STANDARD = "gnu++20";
				CLANG_ENABLE_MODULES = YES;
				CLANG_ENABLE_OBJC_ARC = YES;
				CLANG_ENABLE_OBJC_WEAK = YES;
				CLANG_WARN_BLOCK_CAPTURE_AUTORELEASING = YES;
				CLANG_WARN_BOOL_CONVERSION = YES;
				CLANG_WARN_COMMA = YES;
				CLANG_WARN_CONSTANT_CONVERSION = YES;
				CLANG_WARN_DEPRECATED_OBJC_IMPLEMENTATIONS = YES;
				CLANG_WARN_DIRECT_OBJC_ISA_USAGE = YES_ERROR;
				CLANG_WARN_DOCUMENTATION_COMMENTS = YES;
				CLANG_WARN_EMPTY_BODY = YES;
				CLANG_WARN_ENUM_CONVERSION = YES;
				CLANG_WARN_INFINITE_RECURSION = YES;
				CLANG_WARN_INT_CONVERSION = YES;
				CLANG_WARN_NON_LITERAL_NULL_CONVERSION = YES;
				CLANG_WARN_OBJC_IMPLICIT_RETAIN_SELF = YES;
				CLANG_WARN_OBJC_LITERAL_CONVERSION = YES;
				CLANG_WARN_OBJC_ROOT_CLASS = YES_ERROR;
				CLANG_WARN_QUOTED_INCLUDE_IN_FRAMEWORK_HEADER = YES;
				CLANG_WARN_RANGE_LOOP_ANALYSIS = YES;
				CLANG_WARN_STRICT_PROTOTYPES = YES;
				CLANG_WARN_SUSPICIOUS_MOVE = YES;
				CLANG_WARN_UNGUARDED_AVAILABILITY = YES_AGGRESSIVE;
				CLANG_WARN_UNREACHABLE_CODE = YES;
				CLANG_WARN__DUPLICATE_METHOD_MATCH = YES;
				COPY_PHASE_STRIP = NO;
				DEBUG_INFORMATION_FORMAT = dwarf;
				ENABLE_STRICT_OBJC_MSGSEND = YES;
				ENABLE_TESTABILITY = YES;
				GCC_C_LANGUAGE_STANDARD = gnu11;
				GCC_DYNAMIC_NO_PIC = NO;
				GCC_NO_COMMON_BLOCKS = YES;
				GCC_OPTIMIZATION_LEVEL = 0;
				GCC_PREPROCESSOR_DEFINITIONS = (
					"DEBUG=1",
					"$(inherited)",
				);
				GCC_WARN_64_TO_32_BIT_CONVERSION = YES;
				GCC_WARN_ABOUT_RETURN_TYPE = YES_ERROR;
				GCC_WARN_UNDECLARED_SELECTOR = YES;
				GCC_WARN_UNINITIALIZED_AUTOS = YES_AGGRESSIVE;
				GCC_WARN_UNUSED_FUNCTION = YES;
				GCC_WARN_UNUSED_VARIABLE = YES;
				IPHONEOS_DEPLOYMENT_TARGET = 16.2;
				MTL_ENABLE_DEBUG_INFO = INCLUDE_SOURCE;
				MTL_FAST_MATH = YES;
				ONLY_ACTIVE_ARCH = YES;
				SDKROOT = iphoneos;
				SWIFT_ACTIVE_COMPILATION_CONDITIONS = DEBUG;
				SWIFT_OPTIMIZATION_LEVEL = "-Onone";
			};
			name = Debug;
		};
		4B7F940F29513BD900077C29 /* Release */ = {
			isa = XCBuildConfiguration;
			buildSettings = {
				ALWAYS_SEARCH_USER_PATHS = NO;
				CLANG_ANALYZER_NONNULL = YES;
				CLANG_ANALYZER_NUMBER_OBJECT_CONVERSION = YES_AGGRESSIVE;
				CLANG_CXX_LANGUAGE_STANDARD = "gnu++20";
				CLANG_ENABLE_MODULES = YES;
				CLANG_ENABLE_OBJC_ARC = YES;
				CLANG_ENABLE_OBJC_WEAK = YES;
				CLANG_WARN_BLOCK_CAPTURE_AUTORELEASING = YES;
				CLANG_WARN_BOOL_CONVERSION = YES;
				CLANG_WARN_COMMA = YES;
				CLANG_WARN_CONSTANT_CONVERSION = YES;
				CLANG_WARN_DEPRECATED_OBJC_IMPLEMENTATIONS = YES;
				CLANG_WARN_DIRECT_OBJC_ISA_USAGE = YES_ERROR;
				CLANG_WARN_DOCUMENTATION_COMMENTS = YES;
				CLANG_WARN_EMPTY_BODY = YES;
				CLANG_WARN_ENUM_CONVERSION = YES;
				CLANG_WARN_INFINITE_RECURSION = YES;
				CLANG_WARN_INT_CONVERSION = YES;
				CLANG_WARN_NON_LITERAL_NULL_CONVERSION = YES;
				CLANG_WARN_OBJC_IMPLICIT_RETAIN_SELF = YES;
				CLANG_WARN_OBJC_LITERAL_CONVERSION = YES;
				CLANG_WARN_OBJC_ROOT_CLASS = YES_ERROR;
				CLANG_WARN_QUOTED_INCLUDE_IN_FRAMEWORK_HEADER = YES;
				CLANG_WARN_RANGE_LOOP_ANALYSIS = YES;
				CLANG_WARN_STRICT_PROTOTYPES = YES;
				CLANG_WARN_SUSPICIOUS_MOVE = YES;
				CLANG_WARN_UNGUARDED_AVAILABILITY = YES_AGGRESSIVE;
				CLANG_WARN_UNREACHABLE_CODE = YES;
				CLANG_WARN__DUPLICATE_METHOD_MATCH = YES;
				COPY_PHASE_STRIP = NO;
				DEBUG_INFORMATION_FORMAT = "dwarf-with-dsym";
				ENABLE_NS_ASSERTIONS = NO;
				ENABLE_STRICT_OBJC_MSGSEND = YES;
				GCC_C_LANGUAGE_STANDARD = gnu11;
				GCC_NO_COMMON_BLOCKS = YES;
				GCC_WARN_64_TO_32_BIT_CONVERSION = YES;
				GCC_WARN_ABOUT_RETURN_TYPE = YES_ERROR;
				GCC_WARN_UNDECLARED_SELECTOR = YES;
				GCC_WARN_UNINITIALIZED_AUTOS = YES_AGGRESSIVE;
				GCC_WARN_UNUSED_FUNCTION = YES;
				GCC_WARN_UNUSED_VARIABLE = YES;
				IPHONEOS_DEPLOYMENT_TARGET = 16.2;
				MTL_ENABLE_DEBUG_INFO = NO;
				MTL_FAST_MATH = YES;
				SDKROOT = iphoneos;
				SWIFT_COMPILATION_MODE = wholemodule;
				SWIFT_OPTIMIZATION_LEVEL = "-O";
				VALIDATE_PRODUCT = YES;
			};
			name = Release;
		};
		4B7F941129513BD900077C29 /* Debug */ = {
			isa = XCBuildConfiguration;
			buildSettings = {
				ASSETCATALOG_COMPILER_APPICON_NAME = AppIcon;
				ASSETCATALOG_COMPILER_GLOBAL_ACCENT_COLOR_NAME = AccentColor;
				CODE_SIGN_STYLE = Automatic;
				CURRENT_PROJECT_VERSION = 1;
				GENERATE_INFOPLIST_FILE = YES;
				INFOPLIST_FILE = "Codepath Entry/Info.plist";
				INFOPLIST_KEY_UIApplicationSupportsIndirectInputEvents = YES;
				INFOPLIST_KEY_UILaunchStoryboardName = LaunchScreen;
				INFOPLIST_KEY_UIMainStoryboardFile = Main;
				INFOPLIST_KEY_UISupportedInterfaceOrientations_iPad = "UIInterfaceOrientationPortrait UIInterfaceOrientationPortraitUpsideDown UIInterfaceOrientationLandscapeLeft UIInterfaceOrientationLandscapeRight";
				INFOPLIST_KEY_UISupportedInterfaceOrientations_iPhone = "UIInterfaceOrientationPortrait UIInterfaceOrientationLandscapeLeft UIInterfaceOrientationLandscapeRight";
				LD_RUNPATH_SEARCH_PATHS = (
					"$(inherited)",
					"@executable_path/Frameworks",
				);
				MARKETING_VERSION = 1.0;
				PRODUCT_BUNDLE_IDENTIFIER = "This-is-a-test.Codepath-Entry";
				PRODUCT_NAME = "$(TARGET_NAME)";
				SWIFT_EMIT_LOC_STRINGS = YES;
				SWIFT_VERSION = 5.0;
				TARGETED_DEVICE_FAMILY = "1,2";
			};
			name = Debug;
		};
		4B7F941229513BD900077C29 /* Release */ = {
			isa = XCBuildConfiguration;
			buildSettings = {
				ASSETCATALOG_COMPILER_APPICON_NAME = AppIcon;
				ASSETCATALOG_COMPILER_GLOBAL_ACCENT_COLOR_NAME = AccentColor;
				CODE_SIGN_STYLE = Automatic;
				CURRENT_PROJECT_VERSION = 1;
				GENERATE_INFOPLIST_FILE = YES;
				INFOPLIST_FILE = "Codepath Entry/Info.plist";
				INFOPLIST_KEY_UIApplicationSupportsIndirectInputEvents = YES;
				INFOPLIST_KEY_UILaunchStoryboardName = LaunchScreen;
				INFOPLIST_KEY_UIMainStoryboardFile = Main;
				INFOPLIST_KEY_UISupportedInterfaceOrientations_iPad = "UIInterfaceOrientationPortrait UIInterfaceOrientationPortraitUpsideDown UIInterfaceOrientationLandscapeLeft UIInterfaceOrientationLandscapeRight";
				INFOPLIST_KEY_UISupportedInterfaceOrientations_iPhone = "UIInterfaceOrientationPortrait UIInterfaceOrientationLandscapeLeft UIInterfaceOrientationLandscapeRight";
				LD_RUNPATH_SEARCH_PATHS = (
					"$(inherited)",
					"@executable_path/Frameworks",
				);
				MARKETING_VERSION = 1.0;
				PRODUCT_BUNDLE_IDENTIFIER = "This-is-a-test.Codepath-Entry";
				PRODUCT_NAME = "$(TARGET_NAME)";
				SWIFT_EMIT_LOC_STRINGS = YES;
				SWIFT_VERSION = 5.0;
				TARGETED_DEVICE_FAMILY = "1,2";
			};
			name = Release;
		};
		4B7F941429513BD900077C29 /* Debug */ = {
			isa = XCBuildConfiguration;
			buildSettings = {
				ALWAYS_EMBED_SWIFT_STANDARD_LIBRARIES = YES;
				BUNDLE_LOADER = "$(TEST_HOST)";
				CODE_SIGN_STYLE = Automatic;
				CURRENT_PROJECT_VERSION = 1;
				GENERATE_INFOPLIST_FILE = YES;
				IPHONEOS_DEPLOYMENT_TARGET = 16.2;
				MARKETING_VERSION = 1.0;
				PRODUCT_BUNDLE_IDENTIFIER = "This-is-a-test.Codepath-EntryTests";
				PRODUCT_NAME = "$(TARGET_NAME)";
				SWIFT_EMIT_LOC_STRINGS = NO;
				SWIFT_VERSION = 5.0;
				TARGETED_DEVICE_FAMILY = "1,2";
				TEST_HOST = "$(BUILT_PRODUCTS_DIR)/Codepath Entry.app/$(BUNDLE_EXECUTABLE_FOLDER_PATH)/Codepath Entry";
			};
			name = Debug;
		};
		4B7F941529513BD900077C29 /* Release */ = {
			isa = XCBuildConfiguration;
			buildSettings = {
				ALWAYS_EMBED_SWIFT_STANDARD_LIBRARIES = YES;
				BUNDLE_LOADER = "$(TEST_HOST)";
				CODE_SIGN_STYLE = Automatic;
				CURRENT_PROJECT_VERSION = 1;
				GENERATE_INFOPLIST_FILE = YES;
				IPHONEOS_DEPLOYMENT_TARGET = 16.2;
				MARKETING_VERSION = 1.0;
				PRODUCT_BUNDLE_IDENTIFIER = "This-is-a-test.Codepath-EntryTests";
				PRODUCT_NAME = "$(TARGET_NAME)";
				SWIFT_EMIT_LOC_STRINGS = NO;
				SWIFT_VERSION = 5.0;
				TARGETED_DEVICE_FAMILY = "1,2";
				TEST_HOST = "$(BUILT_PRODUCTS_DIR)/Codepath Entry.app/$(BUNDLE_EXECUTABLE_FOLDER_PATH)/Codepath Entry";
			};
			name = Release;
		};
		4B7F941729513BD900077C29 /* Debug */ = {
			isa = XCBuildConfiguration;
			buildSettings = {
				ALWAYS_EMBED_SWIFT_STANDARD_LIBRARIES = YES;
				CODE_SIGN_STYLE = Automatic;
				CURRENT_PROJECT_VERSION = 1;
				GENERATE_INFOPLIST_FILE = YES;
				MARKETING_VERSION = 1.0;
				PRODUCT_BUNDLE_IDENTIFIER = "This-is-a-test.Codepath-EntryUITests";
				PRODUCT_NAME = "$(TARGET_NAME)";
				SWIFT_EMIT_LOC_STRINGS = NO;
				SWIFT_VERSION = 5.0;
				TARGETED_DEVICE_FAMILY = "1,2";
				TEST_TARGET_NAME = "Codepath Entry";
			};
			name = Debug;
		};
		4B7F941829513BD900077C29 /* Release */ = {
			isa = XCBuildConfiguration;
			buildSettings = {
				ALWAYS_EMBED_SWIFT_STANDARD_LIBRARIES = YES;
				CODE_SIGN_STYLE = Automatic;
				CURRENT_PROJECT_VERSION = 1;
				GENERATE_INFOPLIST_FILE = YES;
				MARKETING_VERSION = 1.0;
				PRODUCT_BUNDLE_IDENTIFIER = "This-is-a-test.Codepath-EntryUITests";
				PRODUCT_NAME = "$(TARGET_NAME)";
				SWIFT_EMIT_LOC_STRINGS = NO;
				SWIFT_VERSION = 5.0;
				TARGETED_DEVICE_FAMILY = "1,2";
				TEST_TARGET_NAME = "Codepath Entry";
			};
			name = Release;
		};
/* End XCBuildConfiguration section */

/* Begin XCConfigurationList section */
		4B7F93E129513BD600077C29 /* Build configuration list for PBXProject "Codepath Entry" */ = {
			isa = XCConfigurationList;
			buildConfigurations = (
				4B7F940E29513BD900077C29 /* Debug */,
				4B7F940F29513BD900077C29 /* Release */,
			);
			defaultConfigurationIsVisible = 0;
			defaultConfigurationName = Release;
		};
		4B7F941029513BD900077C29 /* Build configuration list for PBXNativeTarget "Codepath Entry" */ = {
			isa = XCConfigurationList;
			buildConfigurations = (
				4B7F941129513BD900077C29 /* Debug */,
				4B7F941229513BD900077C29 /* Release */,
			);
			defaultConfigurationIsVisible = 0;
			defaultConfigurationName = Release;
		};
		4B7F941329513BD900077C29 /* Build configuration list for PBXNativeTarget "Codepath EntryTests" */ = {
			isa = XCConfigurationList;
			buildConfigurations = (
				4B7F941429513BD900077C29 /* Debug */,
				4B7F941529513BD900077C29 /* Release */,
			);
			defaultConfigurationIsVisible = 0;
			defaultConfigurationName = Release;
		};
		4B7F941629513BD900077C29 /* Build configuration list for PBXNativeTarget "Codepath EntryUITests" */ = {
			isa = XCConfigurationList;
			buildConfigurations = (
				4B7F941729513BD900077C29 /* Debug */,
				4B7F941829513BD900077C29 /* Release */,
			);
			defaultConfigurationIsVisible = 0;
			defaultConfigurationName = Release;
		};
/* End XCConfigurationList section */
	};
	rootObject = 4B7F93DE29513BD600077C29 /* Project object */;
}
